
Microsoft Visual Studio Solution File, Format Version 12.00
# Visual Studio Version 17
VisualStudioVersion = 17.10.34607.79
MinimumVisualStudioVersion = 10.0.40219.1
Project("{FAE04EC0-301F-11D3-BF4B-00C04F79EFBC}") = "MCPA", "MCPA\MCPA.csproj", "{4A7778EB-1C0E-4E52-9843-05FE038C8038}"
EndProject
Global
	GlobalSection(SolutionConfigurationPlatforms) = preSolution
		Debug|Any CPU = Debug|Any CPU
		Release|Any CPU = Release|Any CPU
	EndGlobalSection
	GlobalSection(ProjectConfigurationPlatforms) = postSolution
		{4A7778EB-1C0E-4E52-9843-05FE038C8038}.Debug|Any CPU.ActiveCfg = Debug|Any CPU
		{4A7778EB-1C0E-4E52-9843-05FE038C8038}.Debug|Any CPU.Build.0 = Debug|Any CPU
		{4A7778EB-1C0E-4E52-9843-05FE038C8038}.Release|Any CPU.ActiveCfg = Release|Any CPU
		{4A7778EB-1C0E-4E52-9843-05FE038C8038}.Release|Any CPU.Build.0 = Release|Any CPU
	EndGlobalSection
	GlobalSection(SolutionProperties) = preSolution
		HideSolutionNode = FALSE
	EndGlobalSection
	GlobalSection(ExtensibilityGlobals) = postSolution
		SolutionGuid = {0B15EA40-8B8D-480B-B753-6C002AEB8B5D}
	EndGlobalSection
EndGlobal
